
Microsoft Visual Studio Solution File, Format Version 12.00
# Visual Studio Version 16
VisualStudioVersion = 16.0.30804.86
MinimumVisualStudioVersion = 10.0.40219.1
Project("{9A19103F-16F7-4668-BE54-9A1E7A4F7556}") = "RJob", "RJob\RJob.csproj", "{50E64897-FC9C-4724-B4B3-5B0B83B47CF0}"
EndProject
Project("{9A19103F-16F7-4668-BE54-9A1E7A4F7556}") = "ConsoleApp1", "ConsoleApp1\ConsoleApp1.csproj", "{2FE1483A-8A6E-43BC-BACF-4DEBEA10E765}"
EndProject
Global
	GlobalSection(SolutionConfigurationPlatforms) = preSolution
		Debug|Any CPU = Debug|Any CPU
		Release|Any CPU = Release|Any CPU
	EndGlobalSection
	GlobalSection(ProjectConfigurationPlatforms) = postSolution
		{50E64897-FC9C-4724-B4B3-5B0B83B47CF0}.Debug|Any CPU.ActiveCfg = Debug|Any CPU
		{50E64897-FC9C-4724-B4B3-5B0B83B47CF0}.Debug|Any CPU.Build.0 = Debug|Any CPU
		{50E64897-FC9C-4724-B4B3-5B0B83B47CF0}.Release|Any CPU.ActiveCfg = Release|Any CPU
		{50E64897-FC9C-4724-B4B3-5B0B83B47CF0}.Release|Any CPU.Build.0 = Release|Any CPU
		{2FE1483A-8A6E-43BC-BACF-4DEBEA10E765}.Debug|Any CPU.ActiveCfg = Debug|Any CPU
		{2FE1483A-8A6E-43BC-BACF-4DEBEA10E765}.Debug|Any CPU.Build.0 = Debug|Any CPU
		{2FE1483A-8A6E-43BC-BACF-4DEBEA10E765}.Release|Any CPU.ActiveCfg = Release|Any CPU
		{2FE1483A-8A6E-43BC-BACF-4DEBEA10E765}.Release|Any CPU.Build.0 = Release|Any CPU
	EndGlobalSection
	GlobalSection(SolutionProperties) = preSolution
		HideSolutionNode = FALSE
	EndGlobalSection
	GlobalSection(ExtensibilityGlobals) = postSolution
		SolutionGuid = {03B68525-3808-4FF3-B317-329748EC0739}
	EndGlobalSection
EndGlobal
